{
  "name": "lib3dse",
  "version": "1.0.0",
  "lockfileVersion": 3,
  "requires": true,
  "packages": {
    "": {
      "name": "lib3dse",
      "version": "1.0.0",
      "license": "MIT",
      "dependencies": {
        "binaryio.js": "^1.0.2",
        "nbtify": "^2.0.0"
      },
      "devDependencies": {
        "@types/node": "^22.5.4"
      }
    },
    "node_modules/@types/node": {
      "version": "22.5.4",
      "resolved": "https://registry.npmjs.org/@types/node/-/node-22.5.4.tgz",
      "integrity": "sha512-FDuKUJQm/ju9fT/SeX/6+gBzoPzlVCzfzmGkwKvRHQVxi4BntVbyIwf6a4Xn62mrvndLiml6z/UBXIdEVjQLXg==",
      "dev": true,
      "license": "MIT",
      "dependencies": {
        "undici-types": "~6.19.2"
      }
    },
    "node_modules/binaryio.js": {
      "version": "1.1.0",
      "resolved": "https://registry.npmjs.org/binaryio.js/-/binaryio.js-1.1.0.tgz",
      "integrity": "sha512-rFwRO6GAcQhUd0U3nvMzBptBuIu4xmvFoPwxmfViqEYiIO/Y1ldsAwdCfkEd7n6Z7aVY7flfkMXFiY+4w8Agfg==",
      "license": "MIT"
    },
    "node_modules/mutf-8": {
      "version": "1.1.3",
      "resolved": "https://registry.npmjs.org/mutf-8/-/mutf-8-1.1.3.tgz",
      "integrity": "sha512-gVr2eIdjMjmZjdvH25+moG87fBON0YH458gVHk93I2LYY5znJ3voNpcKXIPADvmuWGFFSvFR5bhEEWkEfwHtvw==",
      "license": "MIT"
    },
    "node_modules/nbtify": {
      "version": "2.0.0",
      "resolved": "https://registry.npmjs.org/nbtify/-/nbtify-2.0.0.tgz",
      "integrity": "sha512-pLJVG2/1MYG3xxAAiQvD03jO9kva8YiYfwRPsk/IljZ5P6fiznejSrJGT/Yz4xc6S1QJS1RzLm1fazA2JKKpyQ==",
      "license": "MIT",
      "dependencies": {
        "mutf-8": "^1.1.3"
      },
      "bin": {
        "nbtify": "dist/bin/index.js"
      }
    },
    "node_modules/undici-types": {
      "version": "6.19.8",
      "resolved": "https://registry.npmjs.org/undici-types/-/undici-types-6.19.8.tgz",
      "integrity": "sha512-ve2KP6f/JnbPBFyobGHuerC9g1FYGn/F8n1LWTwNxCEzd6IfqTwUQcNXgEtmmQ6DlRrC1hrSrBnCZPokRrDHjw==",
      "dev": true,
      "license": "MIT"
    }
  }
}
